// !$*UTF8*$!
{
	archiveVersion = 1;
	classes = {
	};
	objectVersion = 46;
	objects = {

/* Begin PBXBuildFile section */
		EC13B03A19DAFA930038C1A0 /* main.m in Sources */ = {isa = PBXBuildFile; fileRef = EC13B03919DAFA930038C1A0 /* main.m */; };
		EC13B03D19DAFA930038C1A0 /* AppDelegate.m in Sources */ = {isa = PBXBuildFile; fileRef = EC13B03C19DAFA930038C1A0 /* AppDelegate.m */; };
		EC13B04019DAFA930038C1A0 /* iWatchUnited.xcdatamodeld in Sources */ = {isa = PBXBuildFile; fileRef = EC13B03E19DAFA930038C1A0 /* iWatchUnited.xcdatamodeld */; };
		EC13B04319DAFA930038C1A0 /* VenueViewController.m in Sources */ = {isa = PBXBuildFile; fileRef = EC13B04219DAFA930038C1A0 /* VenueViewController.m */; };
		EC13B04619DAFA930038C1A0 /* DetailViewController.m in Sources */ = {isa = PBXBuildFile; fileRef = EC13B04519DAFA930038C1A0 /* DetailViewController.m */; };
		EC13B04919DAFA930038C1A0 /* Main.storyboard in Resources */ = {isa = PBXBuildFile; fileRef = EC13B04719DAFA930038C1A0 /* Main.storyboard */; };
		EC13B04B19DAFA930038C1A0 /* Images.xcassets in Resources */ = {isa = PBXBuildFile; fileRef = EC13B04A19DAFA930038C1A0 /* Images.xcassets */; };
		EC13B04E19DAFA930038C1A0 /* LaunchScreen.xib in Resources */ = {isa = PBXBuildFile; fileRef = EC13B04C19DAFA930038C1A0 /* LaunchScreen.xib */; };
		EC13B05A19DAFA930038C1A0 /* iWatchUnitedTests.m in Sources */ = {isa = PBXBuildFile; fileRef = EC13B05919DAFA930038C1A0 /* iWatchUnitedTests.m */; };
		EC13B06819DAFC310038C1A0 /* VenueDetails.m in Sources */ = {isa = PBXBuildFile; fileRef = EC13B06719DAFC310038C1A0 /* VenueDetails.m */; };
		EC1BB43619DD7F860002493D /* libsqlite3.dylib in Frameworks */ = {isa = PBXBuildFile; fileRef = EC1BB43519DD7F860002493D /* libsqlite3.dylib */; };
		EC1BB43919DD7FC10002493D /* DBManager.m in Sources */ = {isa = PBXBuildFile; fileRef = EC1BB43819DD7FC10002493D /* DBManager.m */; };
		EC1BB47719DD9E3E0002493D /* badge.jpeg in Resources */ = {isa = PBXBuildFile; fileRef = EC1BB47619DD9E3E0002493D /* badge.jpeg */; };
		EC2CC7BD19E32D130094EF2E /* CityViewController.m in Sources */ = {isa = PBXBuildFile; fileRef = EC2CC7BB19E32D130094EF2E /* CityViewController.m */; };
		EC2CC7BE19E32D130094EF2E /* CityViewController.xib in Resources */ = {isa = PBXBuildFile; fileRef = EC2CC7BC19E32D130094EF2E /* CityViewController.xib */; };
		EC9A64FD19E0102B00C8D50B /* SearchViewController.m in Sources */ = {isa = PBXBuildFile; fileRef = EC9A64FC19E0102B00C8D50B /* SearchViewController.m */; };
		ECA0640319ED5861006430F0 /* iWatchIcon.png in Resources */ = {isa = PBXBuildFile; fileRef = ECA0640219ED5861006430F0 /* iWatchIcon.png */; };
		ECA0640519ED736F006430F0 /* RNData.txt in Resources */ = {isa = PBXBuildFile; fileRef = ECA0640419ED736F006430F0 /* RNData.txt */; };
		ECA0640719ED7824006430F0 /* RNDataUTF8.txt in Resources */ = {isa = PBXBuildFile; fileRef = ECA0640619ED7824006430F0 /* RNDataUTF8.txt */; };
		ECA0640919EEC120006430F0 /* recommended.jpeg in Resources */ = {isa = PBXBuildFile; fileRef = ECA0640819EEC120006430F0 /* recommended.jpeg */; };
		ECA0640B19EEE0E6006430F0 /* redstar.jpeg in Resources */ = {isa = PBXBuildFile; fileRef = ECA0640A19EEE0E6006430F0 /* redstar.jpeg */; };
		ECA0644C19F2CEC4006430F0 /* earth.jpg in Resources */ = {isa = PBXBuildFile; fileRef = ECA0644B19F2CEC4006430F0 /* earth.jpg */; };
		ECA0645019F2D65D006430F0 /* earth.jpeg in Resources */ = {isa = PBXBuildFile; fileRef = ECA0644F19F2D65D006430F0 /* earth.jpeg */; };
		ECA0645619F3B9EE006430F0 /* redwhiteblackearth.jpg in Resources */ = {isa = PBXBuildFile; fileRef = ECA0645519F3B9EE006430F0 /* redwhiteblackearth.jpg */; };
/* End PBXBuildFile section */

/* Begin PBXContainerItemProxy section */
		EC13B05419DAFA930038C1A0 /* PBXContainerItemProxy */ = {
			isa = PBXContainerItemProxy;
			containerPortal = EC13B02C19DAFA930038C1A0 /* Project object */;
			proxyType = 1;
			remoteGlobalIDString = EC13B03319DAFA930038C1A0;
			remoteInfo = iWatchUnited;
		};
/* End PBXContainerItemProxy section */

/* Begin PBXFileReference section */
		EC13B03419DAFA930038C1A0 /* iWatchUnited.app */ = {isa = PBXFileReference; explicitFileType = wrapper.application; includeInIndex = 0; path = iWatchUnited.app; sourceTree = BUILT_PRODUCTS_DIR; };
		EC13B03819DAFA930038C1A0 /* Info.plist */ = {isa = PBXFileReference; lastKnownFileType = text.plist.xml; path = Info.plist; sourceTree = "<group>"; };
		EC13B03919DAFA930038C1A0 /* main.m */ = {isa = PBXFileReference; lastKnownFileType = sourcecode.c.objc; path = main.m; sourceTree = "<group>"; };
		EC13B03B19DAFA930038C1A0 /* AppDelegate.h */ = {isa = PBXFileReference; lastKnownFileType = sourcecode.c.h; path = AppDelegate.h; sourceTree = "<group>"; };
		EC13B03C19DAFA930038C1A0 /* AppDelegate.m */ = {isa = PBXFileReference; lastKnownFileType = sourcecode.c.objc; path = AppDelegate.m; sourceTree = "<group>"; };
		EC13B03F19DAFA930038C1A0 /* iWatchUnited.xcdatamodel */ = {isa = PBXFileReference; lastKnownFileType = wrapper.xcdatamodel; path = iWatchUnited.xcdatamodel; sourceTree = "<group>"; };
		EC13B04119DAFA930038C1A0 /* VenueViewController.h */ = {isa = PBXFileReference; lastKnownFileType = sourcecode.c.h; path = VenueViewController.h; sourceTree = "<group>"; };
		EC13B04219DAFA930038C1A0 /* VenueViewController.m */ = {isa = PBXFileReference; lastKnownFileType = sourcecode.c.objc; path = VenueViewController.m; sourceTree = "<group>"; };
		EC13B04419DAFA930038C1A0 /* DetailViewController.h */ = {isa = PBXFileReference; lastKnownFileType = sourcecode.c.h; path = DetailViewController.h; sourceTree = "<group>"; };
		EC13B04519DAFA930038C1A0 /* DetailViewController.m */ = {isa = PBXFileReference; lastKnownFileType = sourcecode.c.objc; path = DetailViewController.m; sourceTree = "<group>"; };
		EC13B04819DAFA930038C1A0 /* Base */ = {isa = PBXFileReference; lastKnownFileType = file.storyboard; name = Base; path = Base.lproj/Main.storyboard; sourceTree = "<group>"; };
		EC13B04A19DAFA930038C1A0 /* Images.xcassets */ = {isa = PBXFileReference; lastKnownFileType = folder.assetcatalog; path = Images.xcassets; sourceTree = "<group>"; };
		EC13B04D19DAFA930038C1A0 /* Base */ = {isa = PBXFileReference; lastKnownFileType = file.xib; name = Base; path = Base.lproj/LaunchScreen.xib; sourceTree = "<group>"; };
		EC13B05319DAFA930038C1A0 /* iWatchUnitedTests.xctest */ = {isa = PBXFileReference; explicitFileType = wrapper.cfbundle; includeInIndex = 0; path = iWatchUnitedTests.xctest; sourceTree = BUILT_PRODUCTS_DIR; };
		EC13B05819DAFA930038C1A0 /* Info.plist */ = {isa = PBXFileReference; lastKnownFileType = text.plist.xml; path = Info.plist; sourceTree = "<group>"; };
		EC13B05919DAFA930038C1A0 /* iWatchUnitedTests.m */ = {isa = PBXFileReference; lastKnownFileType = sourcecode.c.objc; path = iWatchUnitedTests.m; sourceTree = "<group>"; };
		EC13B06619DAFC310038C1A0 /* VenueDetails.h */ = {isa = PBXFileReference; fileEncoding = 4; lastKnownFileType = sourcecode.c.h; path = VenueDetails.h; sourceTree = "<group>"; };
		EC13B06719DAFC310038C1A0 /* VenueDetails.m */ = {isa = PBXFileReference; fileEncoding = 4; lastKnownFileType = sourcecode.c.objc; path = VenueDetails.m; sourceTree = "<group>"; };
		EC1BB43519DD7F860002493D /* libsqlite3.dylib */ = {isa = PBXFileReference; lastKnownFileType = "compiled.mach-o.dylib"; name = libsqlite3.dylib; path = usr/lib/libsqlite3.dylib; sourceTree = SDKROOT; };
		EC1BB43719DD7FC10002493D /* DBManager.h */ = {isa = PBXFileReference; fileEncoding = 4; lastKnownFileType = sourcecode.c.h; path = DBManager.h; sourceTree = "<group>"; };
		EC1BB43819DD7FC10002493D /* DBManager.m */ = {isa = PBXFileReference; fileEncoding = 4; lastKnownFileType = sourcecode.c.objc; path = DBManager.m; sourceTree = "<group>"; };
		EC1BB47619DD9E3E0002493D /* badge.jpeg */ = {isa = PBXFileReference; lastKnownFileType = image.jpeg; path = badge.jpeg; sourceTree = "<group>"; };
		EC2CC7BA19E32D130094EF2E /* CityViewController.h */ = {isa = PBXFileReference; fileEncoding = 4; lastKnownFileType = sourcecode.c.h; path = CityViewController.h; sourceTree = "<group>"; };
		EC2CC7BB19E32D130094EF2E /* CityViewController.m */ = {isa = PBXFileReference; fileEncoding = 4; lastKnownFileType = sourcecode.c.objc; path = CityViewController.m; sourceTree = "<group>"; };
		EC2CC7BC19E32D130094EF2E /* CityViewController.xib */ = {isa = PBXFileReference; fileEncoding = 4; lastKnownFileType = file.xib; path = CityViewController.xib; sourceTree = "<group>"; };
		EC9A64FB19E0102B00C8D50B /* SearchViewController.h */ = {isa = PBXFileReference; fileEncoding = 4; lastKnownFileType = sourcecode.c.h; path = SearchViewController.h; sourceTree = "<group>"; };
		EC9A64FC19E0102B00C8D50B /* SearchViewController.m */ = {isa = PBXFileReference; fileEncoding = 4; lastKnownFileType = sourcecode.c.objc; path = SearchViewController.m; sourceTree = "<group>"; };
		ECA0640219ED5861006430F0 /* iWatchIcon.png */ = {isa = PBXFileReference; lastKnownFileType = image.png; path = iWatchIcon.png; sourceTree = "<group>"; };
		ECA0640419ED736F006430F0 /* RNData.txt */ = {isa = PBXFileReference; fileEncoding = 4; lastKnownFileType = text; path = RNData.txt; sourceTree = "<group>"; };
		ECA0640619ED7824006430F0 /* RNDataUTF8.txt */ = {isa = PBXFileReference; fileEncoding = 4; lastKnownFileType = text; path = RNDataUTF8.txt; sourceTree = "<group>"; };
		ECA0640819EEC120006430F0 /* recommended.jpeg */ = {isa = PBXFileReference; lastKnownFileType = image.jpeg; path = recommended.jpeg; sourceTree = "<group>"; };
		ECA0640A19EEE0E6006430F0 /* redstar.jpeg */ = {isa = PBXFileReference; lastKnownFileType = image.jpeg; path = redstar.jpeg; sourceTree = "<group>"; };
		ECA0644B19F2CEC4006430F0 /* earth.jpg */ = {isa = PBXFileReference; lastKnownFileType = image.jpeg; path = earth.jpg; sourceTree = "<group>"; };
		ECA0644F19F2D65D006430F0 /* earth.jpeg */ = {isa = PBXFileReference; lastKnownFileType = image.jpeg; path = earth.jpeg; sourceTree = "<group>"; };
		ECA0645519F3B9EE006430F0 /* redwhiteblackearth.jpg */ = {isa = PBXFileReference; lastKnownFileType = image.jpeg; path = redwhiteblackearth.jpg; sourceTree = "<group>"; };
/* End PBXFileReference section */

/* Begin PBXFrameworksBuildPhase section */
		EC13B03119DAFA930038C1A0 /* Frameworks */ = {
			isa = PBXFrameworksBuildPhase;
			buildActionMask = 2147483647;
			files = (
				EC1BB43619DD7F860002493D /* libsqlite3.dylib in Frameworks */,
			);
			runOnlyForDeploymentPostprocessing = 0;
		};
		EC13B05019DAFA930038C1A0 /* Frameworks */ = {
			isa = PBXFrameworksBuildPhase;
			buildActionMask = 2147483647;
			files = (
			);
			runOnlyForDeploymentPostprocessing = 0;
		};
/* End PBXFrameworksBuildPhase section */

/* Begin PBXGroup section */
		EC13B02B19DAFA930038C1A0 = {
			isa = PBXGroup;
			children = (
				EC1BB43519DD7F860002493D /* libsqlite3.dylib */,
				EC13B03619DAFA930038C1A0 /* iWatchUnited */,
				EC13B05619DAFA930038C1A0 /* iWatchUnitedTests */,
				EC13B03519DAFA930038C1A0 /* Products */,
			);
			sourceTree = "<group>";
		};
		EC13B03519DAFA930038C1A0 /* Products */ = {
			isa = PBXGroup;
			children = (
				EC13B03419DAFA930038C1A0 /* iWatchUnited.app */,
				EC13B05319DAFA930038C1A0 /* iWatchUnitedTests.xctest */,
			);
			name = Products;
			sourceTree = "<group>";
		};
		EC13B03619DAFA930038C1A0 /* iWatchUnited */ = {
			isa = PBXGroup;
			children = (
				EC1BB43419DD7E580002493D /* DAO */,
				EC13B06519DAFC110038C1A0 /* Model */,
				EC13B06419DAFBF40038C1A0 /* Images */,
				EC13B06319DAFBC90038C1A0 /* GUI */,
				EC13B04A19DAFA930038C1A0 /* Images.xcassets */,
				EC13B03719DAFA930038C1A0 /* Supporting Files */,
			);
			path = iWatchUnited;
			sourceTree = "<group>";
		};
		EC13B03719DAFA930038C1A0 /* Supporting Files */ = {
			isa = PBXGroup;
			children = (
				ECA0640619ED7824006430F0 /* RNDataUTF8.txt */,
				ECA0640419ED736F006430F0 /* RNData.txt */,
				EC13B03819DAFA930038C1A0 /* Info.plist */,
				EC13B03919DAFA930038C1A0 /* main.m */,
			);
			name = "Supporting Files";
			sourceTree = "<group>";
		};
		EC13B05619DAFA930038C1A0 /* iWatchUnitedTests */ = {
			isa = PBXGroup;
			children = (
				EC13B05919DAFA930038C1A0 /* iWatchUnitedTests.m */,
				EC13B05719DAFA930038C1A0 /* Supporting Files */,
			);
			path = iWatchUnitedTests;
			sourceTree = "<group>";
		};
		EC13B05719DAFA930038C1A0 /* Supporting Files */ = {
			isa = PBXGroup;
			children = (
				EC13B05819DAFA930038C1A0 /* Info.plist */,
			);
			name = "Supporting Files";
			sourceTree = "<group>";
		};
		EC13B06319DAFBC90038C1A0 /* GUI */ = {
			isa = PBXGroup;
			children = (
				EC13B04C19DAFA930038C1A0 /* LaunchScreen.xib */,
				EC13B03E19DAFA930038C1A0 /* iWatchUnited.xcdatamodeld */,
				EC13B03B19DAFA930038C1A0 /* AppDelegate.h */,
				EC13B03C19DAFA930038C1A0 /* AppDelegate.m */,
				EC13B04119DAFA930038C1A0 /* VenueViewController.h */,
				EC13B04219DAFA930038C1A0 /* VenueViewController.m */,
				EC13B04419DAFA930038C1A0 /* DetailViewController.h */,
				EC13B04519DAFA930038C1A0 /* DetailViewController.m */,
				EC13B04719DAFA930038C1A0 /* Main.storyboard */,
				EC9A64FB19E0102B00C8D50B /* SearchViewController.h */,
				EC9A64FC19E0102B00C8D50B /* SearchViewController.m */,
				EC2CC7BA19E32D130094EF2E /* CityViewController.h */,
				EC2CC7BB19E32D130094EF2E /* CityViewController.m */,
				EC2CC7BC19E32D130094EF2E /* CityViewController.xib */,
			);
			name = GUI;
			sourceTree = "<group>";
		};
		EC13B06419DAFBF40038C1A0 /* Images */ = {
			isa = PBXGroup;
			children = (
				ECA0640A19EEE0E6006430F0 /* redstar.jpeg */,
				ECA0644F19F2D65D006430F0 /* earth.jpeg */,
				ECA0644B19F2CEC4006430F0 /* earth.jpg */,
				ECA0645519F3B9EE006430F0 /* redwhiteblackearth.jpg */,
				ECA0640819EEC120006430F0 /* recommended.jpeg */,
				ECA0640219ED5861006430F0 /* iWatchIcon.png */,
				EC1BB47619DD9E3E0002493D /* badge.jpeg */,
			);
			name = Images;
			sourceTree = "<group>";
		};
		EC13B06519DAFC110038C1A0 /* Model */ = {
			isa = PBXGroup;
			children = (
				EC13B06619DAFC310038C1A0 /* VenueDetails.h */,
				EC13B06719DAFC310038C1A0 /* VenueDetails.m */,
			);
			name = Model;
			sourceTree = "<group>";
		};
		EC1BB43419DD7E580002493D /* DAO */ = {
			isa = PBXGroup;
			children = (
				EC1BB43719DD7FC10002493D /* DBManager.h */,
				EC1BB43819DD7FC10002493D /* DBManager.m */,
			);
			name = DAO;
			sourceTree = "<group>";
		};
/* End PBXGroup section */

/* Begin PBXNativeTarget section */
		EC13B03319DAFA930038C1A0 /* iWatchUnited */ = {
			isa = PBXNativeTarget;
			buildConfigurationList = EC13B05D19DAFA930038C1A0 /* Build configuration list for PBXNativeTarget "iWatchUnited" */;
			buildPhases = (
				EC13B03019DAFA930038C1A0 /* Sources */,
				EC13B03119DAFA930038C1A0 /* Frameworks */,
				EC13B03219DAFA930038C1A0 /* Resources */,
			);
			buildRules = (
			);
			dependencies = (
			);
			name = iWatchUnited;
			productName = iWatchUnited;
			productReference = EC13B03419DAFA930038C1A0 /* iWatchUnited.app */;
			productType = "com.apple.product-type.application";
		};
		EC13B05219DAFA930038C1A0 /* iWatchUnitedTests */ = {
			isa = PBXNativeTarget;
			buildConfigurationList = EC13B06019DAFA930038C1A0 /* Build configuration list for PBXNativeTarget "iWatchUnitedTests" */;
			buildPhases = (
				EC13B04F19DAFA930038C1A0 /* Sources */,
				EC13B05019DAFA930038C1A0 /* Frameworks */,
				EC13B05119DAFA930038C1A0 /* Resources */,
			);
			buildRules = (
			);
			dependencies = (
				EC13B05519DAFA930038C1A0 /* PBXTargetDependency */,
			);
			name = iWatchUnitedTests;
			productName = iWatchUnitedTests;
			productReference = EC13B05319DAFA930038C1A0 /* iWatchUnitedTests.xctest */;
			productType = "com.apple.product-type.bundle.unit-test";
		};
/* End PBXNativeTarget section */

/* Begin PBXProject section */
		EC13B02C19DAFA930038C1A0 /* Project object */ = {
			isa = PBXProject;
			attributes = {
				LastUpgradeCheck = 0600;
				ORGANIZATIONNAME = "Daniel Brennan";
				TargetAttributes = {
					EC13B03319DAFA930038C1A0 = {
						CreatedOnToolsVersion = 6.0.1;
						DevelopmentTeam = BRG7A7732T;
					};
					EC13B05219DAFA930038C1A0 = {
						CreatedOnToolsVersion = 6.0.1;
						DevelopmentTeam = BRG7A7732T;
						TestTargetID = EC13B03319DAFA930038C1A0;
					};
				};
			};
			buildConfigurationList = EC13B02F19DAFA930038C1A0 /* Build configuration list for PBXProject "iWatchUnited" */;
			compatibilityVersion = "Xcode 3.2";
			developmentRegion = English;
			hasScannedForEncodings = 0;
			knownRegions = (
				en,
				Base,
			);
			mainGroup = EC13B02B19DAFA930038C1A0;
			productRefGroup = EC13B03519DAFA930038C1A0 /* Products */;
			projectDirPath = "";
			projectRoot = "";
			targets = (
				EC13B03319DAFA930038C1A0 /* iWatchUnited */,
				EC13B05219DAFA930038C1A0 /* iWatchUnitedTests */,
			);
		};
/* End PBXProject section */

/* Begin PBXResourcesBuildPhase section */
		EC13B03219DAFA930038C1A0 /* Resources */ = {
			isa = PBXResourcesBuildPhase;
			buildActionMask = 2147483647;
			files = (
				ECA0644C19F2CEC4006430F0 /* earth.jpg in Resources */,
				EC1BB47719DD9E3E0002493D /* badge.jpeg in Resources */,
				ECA0640B19EEE0E6006430F0 /* redstar.jpeg in Resources */,
				ECA0640919EEC120006430F0 /* recommended.jpeg in Resources */,
				EC13B04919DAFA930038C1A0 /* Main.storyboard in Resources */,
				ECA0645619F3B9EE006430F0 /* redwhiteblackearth.jpg in Resources */,
				ECA0640519ED736F006430F0 /* RNData.txt in Resources */,
				EC2CC7BE19E32D130094EF2E /* CityViewController.xib in Resources */,
				EC13B04E19DAFA930038C1A0 /* LaunchScreen.xib in Resources */,
				ECA0640719ED7824006430F0 /* RNDataUTF8.txt in Resources */,
				EC13B04B19DAFA930038C1A0 /* Images.xcassets in Resources */,
				ECA0645019F2D65D006430F0 /* earth.jpeg in Resources */,
				ECA0640319ED5861006430F0 /* iWatchIcon.png in Resources */,
			);
			runOnlyForDeploymentPostprocessing = 0;
		};
		EC13B05119DAFA930038C1A0 /* Resources */ = {
			isa = PBXResourcesBuildPhase;
			buildActionMask = 2147483647;
			files = (
			);
			runOnlyForDeploymentPostprocessing = 0;
		};
/* End PBXResourcesBuildPhase section */

/* Begin PBXSourcesBuildPhase section */
		EC13B03019DAFA930038C1A0 /* Sources */ = {
			isa = PBXSourcesBuildPhase;
			buildActionMask = 2147483647;
			files = (
				EC1BB43919DD7FC10002493D /* DBManager.m in Sources */,
				EC13B06819DAFC310038C1A0 /* VenueDetails.m in Sources */,
				EC13B04619DAFA930038C1A0 /* DetailViewController.m in Sources */,
				EC13B04319DAFA930038C1A0 /* VenueViewController.m in Sources */,
				EC13B04019DAFA930038C1A0 /* iWatchUnited.xcdatamodeld in Sources */,
				EC13B03D19DAFA930038C1A0 /* AppDelegate.m in Sources */,
				EC2CC7BD19E32D130094EF2E /* CityViewController.m in Sources */,
				EC9A64FD19E0102B00C8D50B /* SearchViewController.m in Sources */,
				EC13B03A19DAFA930038C1A0 /* main.m in Sources */,
			);
			runOnlyForDeploymentPostprocessing = 0;
		};
		EC13B04F19DAFA930038C1A0 /* Sources */ = {
			isa = PBXSourcesBuildPhase;
			buildActionMask = 2147483647;
			files = (
				EC13B05A19DAFA930038C1A0 /* iWatchUnitedTests.m in Sources */,
			);
			runOnlyForDeploymentPostprocessing = 0;
		};
/* End PBXSourcesBuildPhase section */

/* Begin PBXTargetDependency section */
		EC13B05519DAFA930038C1A0 /* PBXTargetDependency */ = {
			isa = PBXTargetDependency;
			target = EC13B03319DAFA930038C1A0 /* iWatchUnited */;
			targetProxy = EC13B05419DAFA930038C1A0 /* PBXContainerItemProxy */;
		};
/* End PBXTargetDependency section */

/* Begin PBXVariantGroup section */
		EC13B04719DAFA930038C1A0 /* Main.storyboard */ = {
			isa = PBXVariantGroup;
			children = (
				EC13B04819DAFA930038C1A0 /* Base */,
			);
			name = Main.storyboard;
			sourceTree = "<group>";
		};
		EC13B04C19DAFA930038C1A0 /* LaunchScreen.xib */ = {
			isa = PBXVariantGroup;
			children = (
				EC13B04D19DAFA930038C1A0 /* Base */,
			);
			name = LaunchScreen.xib;
			sourceTree = "<group>";
		};
/* End PBXVariantGroup section */

/* Begin XCBuildConfiguration section */
		EC13B05B19DAFA930038C1A0 /* Debug */ = {
			isa = XCBuildConfiguration;
			buildSettings = {
				ALWAYS_SEARCH_USER_PATHS = NO;
				CLANG_CXX_LANGUAGE_STANDARD = "gnu++0x";
				CLANG_CXX_LIBRARY = "libc++";
				CLANG_ENABLE_MODULES = YES;
				CLANG_ENABLE_OBJC_ARC = YES;
				CLANG_WARN_BOOL_CONVERSION = YES;
				CLANG_WARN_CONSTANT_CONVERSION = YES;
				CLANG_WARN_DIRECT_OBJC_ISA_USAGE = YES_ERROR;
				CLANG_WARN_EMPTY_BODY = YES;
				CLANG_WARN_ENUM_CONVERSION = YES;
				CLANG_WARN_INT_CONVERSION = YES;
				CLANG_WARN_OBJC_ROOT_CLASS = YES_ERROR;
				CLANG_WARN_UNREACHABLE_CODE = YES;
				CLANG_WARN__DUPLICATE_METHOD_MATCH = YES;
				"CODE_SIGN_IDENTITY[sdk=iphoneos*]" = "iPhone Developer";
				COPY_PHASE_STRIP = NO;
				ENABLE_STRICT_OBJC_MSGSEND = YES;
				GCC_C_LANGUAGE_STANDARD = gnu99;
				GCC_DYNAMIC_NO_PIC = NO;
				GCC_OPTIMIZATION_LEVEL = 0;
				GCC_PREPROCESSOR_DEFINITIONS = (
					"DEBUG=1",
					"$(inherited)",
				);
				GCC_SYMBOLS_PRIVATE_EXTERN = NO;
				GCC_WARN_64_TO_32_BIT_CONVERSION = YES;
				GCC_WARN_ABOUT_RETURN_TYPE = YES_ERROR;
				GCC_WARN_UNDECLARED_SELECTOR = YES;
				GCC_WARN_UNINITIALIZED_AUTOS = YES_AGGRESSIVE;
				GCC_WARN_UNUSED_FUNCTION = YES;
				GCC_WARN_UNUSED_VARIABLE = YES;
				IPHONEOS_DEPLOYMENT_TARGET = 8.0;
				MTL_ENABLE_DEBUG_INFO = YES;
				ONLY_ACTIVE_ARCH = YES;
				SDKROOT = iphoneos;
			};
			name = Debug;
		};
		EC13B05C19DAFA930038C1A0 /* Release */ = {
			isa = XCBuildConfiguration;
			buildSettings = {
				ALWAYS_SEARCH_USER_PATHS = NO;
				CLANG_CXX_LANGUAGE_STANDARD = "gnu++0x";
				CLANG_CXX_LIBRARY = "libc++";
				CLANG_ENABLE_MODULES = YES;
				CLANG_ENABLE_OBJC_ARC = YES;
				CLANG_WARN_BOOL_CONVERSION = YES;
				CLANG_WARN_CONSTANT_CONVERSION = YES;
				CLANG_WARN_DIRECT_OBJC_ISA_USAGE = YES_ERROR;
				CLANG_WARN_EMPTY_BODY = YES;
				CLANG_WARN_ENUM_CONVERSION = YES;
				CLANG_WARN_INT_CONVERSION = YES;
				CLANG_WARN_OBJC_ROOT_CLASS = YES_ERROR;
				CLANG_WARN_UNREACHABLE_CODE = YES;
				CLANG_WARN__DUPLICATE_METHOD_MATCH = YES;
				"CODE_SIGN_IDENTITY[sdk=iphoneos*]" = "iPhone Developer";
				COPY_PHASE_STRIP = YES;
				ENABLE_NS_ASSERTIONS = NO;
				ENABLE_STRICT_OBJC_MSGSEND = YES;
				GCC_C_LANGUAGE_STANDARD = gnu99;
				GCC_WARN_64_TO_32_BIT_CONVERSION = YES;
				GCC_WARN_ABOUT_RETURN_TYPE = YES_ERROR;
				GCC_WARN_UNDECLARED_SELECTOR = YES;
				GCC_WARN_UNINITIALIZED_AUTOS = YES_AGGRESSIVE;
				GCC_WARN_UNUSED_FUNCTION = YES;
				GCC_WARN_UNUSED_VARIABLE = YES;
				IPHONEOS_DEPLOYMENT_TARGET = 8.0;
				MTL_ENABLE_DEBUG_INFO = NO;
				SDKROOT = iphoneos;
				VALIDATE_PRODUCT = YES;
			};
			name = Release;
		};
		EC13B05E19DAFA930038C1A0 /* Debug */ = {
			isa = XCBuildConfiguration;
			buildSettings = {
				ASSETCATALOG_COMPILER_APPICON_NAME = AppIcon;
				INFOPLIST_FILE = iWatchUnited/Info.plist;
				LD_RUNPATH_SEARCH_PATHS = "$(inherited) @executable_path/Frameworks";
				PRODUCT_NAME = "$(TARGET_NAME)";
			};
			name = Debug;
		};
		EC13B05F19DAFA930038C1A0 /* Release */ = {
			isa = XCBuildConfiguration;
			buildSettings = {
				ASSETCATALOG_COMPILER_APPICON_NAME = AppIcon;
				INFOPLIST_FILE = iWatchUnited/Info.plist;
				LD_RUNPATH_SEARCH_PATHS = "$(inherited) @executable_path/Frameworks";
				PRODUCT_NAME = "$(TARGET_NAME)";
			};
			name = Release;
		};
		EC13B06119DAFA930038C1A0 /* Debug */ = {
			isa = XCBuildConfiguration;
			buildSettings = {
				BUNDLE_LOADER = "$(TEST_HOST)";
				CODE_SIGN_IDENTITY = "iPhone Developer";
				"CODE_SIGN_IDENTITY[sdk=iphoneos*]" = "iPhone Developer";
				FRAMEWORK_SEARCH_PATHS = (
					"$(SDKROOT)/Developer/Library/Frameworks",
					"$(inherited)",
				);
				GCC_PREPROCESSOR_DEFINITIONS = (
					"DEBUG=1",
					"$(inherited)",
				);
				INFOPLIST_FILE = iWatchUnitedTests/Info.plist;
				LD_RUNPATH_SEARCH_PATHS = "$(inherited) @executable_path/Frameworks @loader_path/Frameworks";
				PRODUCT_NAME = "$(TARGET_NAME)";
				PROVISIONING_PROFILE = "";
				TEST_HOST = "$(BUILT_PRODUCTS_DIR)/iWatchUnited.app/iWatchUnited";
			};
			name = Debug;
		};
		EC13B06219DAFA930038C1A0 /* Release */ = {
			isa = XCBuildConfiguration;
			buildSettings = {
				BUNDLE_LOADER = "$(TEST_HOST)";
				CODE_SIGN_IDENTITY = "iPhone Developer";
				"CODE_SIGN_IDENTITY[sdk=iphoneos*]" = "iPhone Developer";
				FRAMEWORK_SEARCH_PATHS = (
					"$(SDKROOT)/Developer/Library/Frameworks",
					"$(inherited)",
				);
				INFOPLIST_FILE = iWatchUnitedTests/Info.plist;
				LD_RUNPATH_SEARCH_PATHS = "$(inherited) @executable_path/Frameworks @loader_path/Frameworks";
				PRODUCT_NAME = "$(TARGET_NAME)";
				PROVISIONING_PROFILE = "";
				TEST_HOST = "$(BUILT_PRODUCTS_DIR)/iWatchUnited.app/iWatchUnited";
			};
			name = Release;
		};
/* End XCBuildConfiguration section */

/* Begin XCConfigurationList section */
		EC13B02F19DAFA930038C1A0 /* Build configuration list for PBXProject "iWatchUnited" */ = {
			isa = XCConfigurationList;
			buildConfigurations = (
				EC13B05B19DAFA930038C1A0 /* Debug */,
				EC13B05C19DAFA930038C1A0 /* Release */,
			);
			defaultConfigurationIsVisible = 0;
			defaultConfigurationName = Release;
		};
		EC13B05D19DAFA930038C1A0 /* Build configuration list for PBXNativeTarget "iWatchUnited" */ = {
			isa = XCConfigurationList;
			buildConfigurations = (
				EC13B05E19DAFA930038C1A0 /* Debug */,
				EC13B05F19DAFA930038C1A0 /* Release */,
			);
			defaultConfigurationIsVisible = 0;
			defaultConfigurationName = Release;
		};
		EC13B06019DAFA930038C1A0 /* Build configuration list for PBXNativeTarget "iWatchUnitedTests" */ = {
			isa = XCConfigurationList;
			buildConfigurations = (
				EC13B06119DAFA930038C1A0 /* Debug */,
				EC13B06219DAFA930038C1A0 /* Release */,
			);
			defaultConfigurationIsVisible = 0;
			defaultConfigurationName = Release;
		};
/* End XCConfigurationList section */

/* Begin XCVersionGroup section */
		EC13B03E19DAFA930038C1A0 /* iWatchUnited.xcdatamodeld */ = {
			isa = XCVersionGroup;
			children = (
				EC13B03F19DAFA930038C1A0 /* iWatchUnited.xcdatamodel */,
			);
			currentVersion = EC13B03F19DAFA930038C1A0 /* iWatchUnited.xcdatamodel */;
			path = iWatchUnited.xcdatamodeld;
			sourceTree = "<group>";
			versionGroupType = wrapper.xcdatamodel;
		};
/* End XCVersionGroup section */
	};
	rootObject = EC13B02C19DAFA930038C1A0 /* Project object */;
}
